
Microsoft Visual Studio Solution File, Format Version 12.00
# Visual Studio Version 16
VisualStudioVersion = 16.0.29827.131
MinimumVisualStudioVersion = 10.0.40219.1
Project("{FAE04EC0-301F-11D3-BF4B-00C04F79EFBC}") = "Utilities", "Utilities.csproj", "{3EF25F92-402D-434A-8BFE-C652FF8AD28E}"
EndProject
Global
	GlobalSection(SolutionConfigurationPlatforms) = preSolution
		Debug|Any CPU = Debug|Any CPU
		Release|Any CPU = Release|Any CPU
	EndGlobalSection
	GlobalSection(ProjectConfigurationPlatforms) = postSolution
		{3EF25F92-402D-434A-8BFE-C652FF8AD28E}.Debug|Any CPU.ActiveCfg = Debug|Any CPU
		{3EF25F92-402D-434A-8BFE-C652FF8AD28E}.Debug|Any CPU.Build.0 = Debug|Any CPU
		{3EF25F92-402D-434A-8BFE-C652FF8AD28E}.Release|Any CPU.ActiveCfg = Release|Any CPU
		{3EF25F92-402D-434A-8BFE-C652FF8AD28E}.Release|Any CPU.Build.0 = Release|Any CPU
	EndGlobalSection
	GlobalSection(SolutionProperties) = preSolution
		HideSolutionNode = FALSE
	EndGlobalSection
	GlobalSection(ExtensibilityGlobals) = postSolution
		SolutionGuid = {E006D2A5-7119-4E5C-AF93-418076F55291}
	EndGlobalSection
EndGlobal
